
Microsoft Visual Studio Solution File, Format Version 12.00
# Visual Studio Version 16
VisualStudioVersion = 16.0.31624.102
MinimumVisualStudioVersion = 10.0.40219.1
Project("{FAE04EC0-301F-11D3-BF4B-00C04F79EFBC}") = "WpfApp1", "WpfApp1\WpfApp1.csproj", "{293662E6-B221-49C4-9B9E-9B576876FD41}"
EndProject
Global
	GlobalSection(SolutionConfigurationPlatforms) = preSolution
		Debug|Any CPU = Debug|Any CPU
		Release|Any CPU = Release|Any CPU
	EndGlobalSection
	GlobalSection(ProjectConfigurationPlatforms) = postSolution
		{293662E6-B221-49C4-9B9E-9B576876FD41}.Debug|Any CPU.ActiveCfg = Debug|Any CPU
		{293662E6-B221-49C4-9B9E-9B576876FD41}.Debug|Any CPU.Build.0 = Debug|Any CPU
		{293662E6-B221-49C4-9B9E-9B576876FD41}.Release|Any CPU.ActiveCfg = Release|Any CPU
		{293662E6-B221-49C4-9B9E-9B576876FD41}.Release|Any CPU.Build.0 = Release|Any CPU
	EndGlobalSection
	GlobalSection(SolutionProperties) = preSolution
		HideSolutionNode = FALSE
	EndGlobalSection
	GlobalSection(ExtensibilityGlobals) = postSolution
		SolutionGuid = {78E09FFB-0AC2-46AC-82AB-033A3EDD3BFD}
	EndGlobalSection
EndGlobal
